
Microsoft Visual Studio Solution File, Format Version 12.00
# Visual Studio Version 16
VisualStudioVersion = 16.0.30413.136
MinimumVisualStudioVersion = 10.0.40219.1
Project("{FAE04EC0-301F-11D3-BF4B-00C04F79EFBC}") = "Dibla", "Dibla\Dibla.csproj", "{3C627A3C-0A58-44D1-8D44-0C26C6FCC996}"
EndProject
Global
	GlobalSection(SolutionConfigurationPlatforms) = preSolution
		Debug|Any CPU = Debug|Any CPU
		Release|Any CPU = Release|Any CPU
	EndGlobalSection
	GlobalSection(ProjectConfigurationPlatforms) = postSolution
		{3C627A3C-0A58-44D1-8D44-0C26C6FCC996}.Debug|Any CPU.ActiveCfg = Debug|Any CPU
		{3C627A3C-0A58-44D1-8D44-0C26C6FCC996}.Debug|Any CPU.Build.0 = Debug|Any CPU
		{3C627A3C-0A58-44D1-8D44-0C26C6FCC996}.Release|Any CPU.ActiveCfg = Release|Any CPU
		{3C627A3C-0A58-44D1-8D44-0C26C6FCC996}.Release|Any CPU.Build.0 = Release|Any CPU
	EndGlobalSection
	GlobalSection(SolutionProperties) = preSolution
		HideSolutionNode = FALSE
	EndGlobalSection
	GlobalSection(ExtensibilityGlobals) = postSolution
		SolutionGuid = {9F18CB0A-632E-43A1-96C1-A36F402BE3EA}
	EndGlobalSection
EndGlobal
